// !$*UTF8*$!
{
	archiveVersion = 1;
	classes = {
	};
	objectVersion = 55;
	objects = {

/* Begin PBXBuildFile section */
		3FC005362DB61ABF0027F8D5 /* BD_solver.cpp in Sources */ = {isa = PBXBuildFile; fileRef = 3FC005342DB61ABF0027F8D5 /* BD_solver.cpp */; };
		3FC005392DB8AC440027F8D5 /* SD_solver.cpp in Sources */ = {isa = PBXBuildFile; fileRef = 3FC005372DB8AC440027F8D5 /* SD_solver.cpp */; };
		3FC0053C2DBDEFB30027F8D5 /* CuttingPlane_solver.cpp in Sources */ = {isa = PBXBuildFile; fileRef = 3FC0053A2DBDEFB30027F8D5 /* CuttingPlane_solver.cpp */; };
		3FC6FCEB2DD1A14C00A6F3C9 /* utils.cpp in Sources */ = {isa = PBXBuildFile; fileRef = 3FC6FCE92DD1A14C00A6F3C9 /* utils.cpp */; };
		3FDC2A372DB0C33D00396434 /* main.cpp in Sources */ = {isa = PBXBuildFile; fileRef = 3FDC2A362DB0C33D00396434 /* main.cpp */; };
		3FDC2A3F2DB0C4B800396434 /* libgurobi_c++.a in Frameworks */ = {isa = PBXBuildFile; fileRef = 3FDC2A3E2DB0C4B800396434 /* libgurobi_c++.a */; };
		3FDC2A412DB0C4BA00396434 /* libgurobi120.dylib in Frameworks */ = {isa = PBXBuildFile; fileRef = 3FDC2A402DB0C4BA00396434 /* libgurobi120.dylib */; };
		3FDC2A442DB0C6CF00396434 /* SparseVector.cpp in Sources */ = {isa = PBXBuildFile; fileRef = 3FDC2A422DB0C6CE00396434 /* SparseVector.cpp */; };
		3FDC2A472DB0C74E00396434 /* SparseMatrix.cpp in Sources */ = {isa = PBXBuildFile; fileRef = 3FDC2A452DB0C74E00396434 /* SparseMatrix.cpp */; };
		3FDC2A4A2DB0C7F400396434 /* DataStructure.cpp in Sources */ = {isa = PBXBuildFile; fileRef = 3FDC2A482DB0C7F400396434 /* DataStructure.cpp */; };
		3FDC2A4D2DB0CFC000396434 /* ioModel.cpp in Sources */ = {isa = PBXBuildFile; fileRef = 3FDC2A4B2DB0CFC000396434 /* ioModel.cpp */; };
		3FDC2A502DB1F49D00396434 /* ioStochastic.cpp in Sources */ = {isa = PBXBuildFile; fileRef = 3FDC2A4E2DB1F49D00396434 /* ioStochastic.cpp */; };
		3FDC2A532DB20C0600396434 /* SAA_solver.cpp in Sources */ = {isa = PBXBuildFile; fileRef = 3FDC2A512DB20C0600396434 /* SAA_solver.cpp */; };
		3FDC2A562DB2153100396434 /* ioDB.cpp in Sources */ = {isa = PBXBuildFile; fileRef = 3FDC2A542DB2153100396434 /* ioDB.cpp */; };
/* End PBXBuildFile section */

/* Begin PBXCopyFilesBuildPhase section */
		3FDC2A312DB0C33D00396434 /* CopyFiles */ = {
			isa = PBXCopyFilesBuildPhase;
			buildActionMask = 2147483647;
			dstPath = /usr/share/man/man1/;
			dstSubfolderSpec = 0;
			files = (
			);
			runOnlyForDeploymentPostprocessing = 1;
		};
/* End PBXCopyFilesBuildPhase section */

/* Begin PBXFileReference section */
		3FC005342DB61ABF0027F8D5 /* BD_solver.cpp */ = {isa = PBXFileReference; lastKnownFileType = sourcecode.cpp.cpp; path = BD_solver.cpp; sourceTree = "<group>"; };
		3FC005352DB61ABF0027F8D5 /* BD_solver.hpp */ = {isa = PBXFileReference; lastKnownFileType = sourcecode.cpp.h; path = BD_solver.hpp; sourceTree = "<group>"; };
		3FC005372DB8AC440027F8D5 /* SD_solver.cpp */ = {isa = PBXFileReference; lastKnownFileType = sourcecode.cpp.cpp; path = SD_solver.cpp; sourceTree = "<group>"; };
		3FC005382DB8AC440027F8D5 /* SD_solver.hpp */ = {isa = PBXFileReference; lastKnownFileType = sourcecode.cpp.h; path = SD_solver.hpp; sourceTree = "<group>"; };
		3FC0053A2DBDEFB30027F8D5 /* CuttingPlane_solver.cpp */ = {isa = PBXFileReference; lastKnownFileType = sourcecode.cpp.cpp; path = CuttingPlane_solver.cpp; sourceTree = "<group>"; };
		3FC0053B2DBDEFB30027F8D5 /* CuttingPlane_solver.hpp */ = {isa = PBXFileReference; lastKnownFileType = sourcecode.cpp.h; path = CuttingPlane_solver.hpp; sourceTree = "<group>"; };
		3FC6FCE92DD1A14C00A6F3C9 /* utils.cpp */ = {isa = PBXFileReference; lastKnownFileType = sourcecode.cpp.cpp; path = utils.cpp; sourceTree = "<group>"; };
		3FC6FCEA2DD1A14C00A6F3C9 /* utils.hpp */ = {isa = PBXFileReference; lastKnownFileType = sourcecode.cpp.h; path = utils.hpp; sourceTree = "<group>"; };
		3FDC2A332DB0C33D00396434 /* CompromiseDecision_v1.0 */ = {isa = PBXFileReference; explicitFileType = "compiled.mach-o.executable"; includeInIndex = 0; path = CompromiseDecision_v1.0; sourceTree = BUILT_PRODUCTS_DIR; };
		3FDC2A362DB0C33D00396434 /* main.cpp */ = {isa = PBXFileReference; lastKnownFileType = sourcecode.cpp.cpp; path = main.cpp; sourceTree = "<group>"; };
		3FDC2A3E2DB0C4B800396434 /* libgurobi_c++.a */ = {isa = PBXFileReference; lastKnownFileType = archive.ar; name = "libgurobi_c++.a"; path = "../../../../../Library/gurobi1201/macos_universal2/lib/libgurobi_c++.a"; sourceTree = "<group>"; };
		3FDC2A402DB0C4BA00396434 /* libgurobi120.dylib */ = {isa = PBXFileReference; lastKnownFileType = "compiled.mach-o.dylib"; name = libgurobi120.dylib; path = ../../../../../Library/gurobi1201/macos_universal2/lib/libgurobi120.dylib; sourceTree = "<group>"; };
		3FDC2A422DB0C6CE00396434 /* SparseVector.cpp */ = {isa = PBXFileReference; lastKnownFileType = sourcecode.cpp.cpp; path = SparseVector.cpp; sourceTree = "<group>"; };
		3FDC2A432DB0C6CE00396434 /* SparseVector.hpp */ = {isa = PBXFileReference; lastKnownFileType = sourcecode.cpp.h; path = SparseVector.hpp; sourceTree = "<group>"; };
		3FDC2A452DB0C74E00396434 /* SparseMatrix.cpp */ = {isa = PBXFileReference; lastKnownFileType = sourcecode.cpp.cpp; path = SparseMatrix.cpp; sourceTree = "<group>"; };
		3FDC2A462DB0C74E00396434 /* SparseMatrix.hpp */ = {isa = PBXFileReference; lastKnownFileType = sourcecode.cpp.h; path = SparseMatrix.hpp; sourceTree = "<group>"; };
		3FDC2A482DB0C7F400396434 /* DataStructure.cpp */ = {isa = PBXFileReference; lastKnownFileType = sourcecode.cpp.cpp; path = DataStructure.cpp; sourceTree = "<group>"; };
		3FDC2A492DB0C7F400396434 /* DataStructure.hpp */ = {isa = PBXFileReference; lastKnownFileType = sourcecode.cpp.h; path = DataStructure.hpp; sourceTree = "<group>"; };
		3FDC2A4B2DB0CFC000396434 /* ioModel.cpp */ = {isa = PBXFileReference; lastKnownFileType = sourcecode.cpp.cpp; path = ioModel.cpp; sourceTree = "<group>"; };
		3FDC2A4C2DB0CFC000396434 /* ioModel.hpp */ = {isa = PBXFileReference; lastKnownFileType = sourcecode.cpp.h; path = ioModel.hpp; sourceTree = "<group>"; };
		3FDC2A4E2DB1F49D00396434 /* ioStochastic.cpp */ = {isa = PBXFileReference; lastKnownFileType = sourcecode.cpp.cpp; path = ioStochastic.cpp; sourceTree = "<group>"; };
		3FDC2A4F2DB1F49D00396434 /* ioStochastic.hpp */ = {isa = PBXFileReference; lastKnownFileType = sourcecode.cpp.h; path = ioStochastic.hpp; sourceTree = "<group>"; };
		3FDC2A512DB20C0600396434 /* SAA_solver.cpp */ = {isa = PBXFileReference; lastKnownFileType = sourcecode.cpp.cpp; path = SAA_solver.cpp; sourceTree = "<group>"; };
		3FDC2A522DB20C0600396434 /* SAA_solver.hpp */ = {isa = PBXFileReference; lastKnownFileType = sourcecode.cpp.h; path = SAA_solver.hpp; sourceTree = "<group>"; };
		3FDC2A542DB2153100396434 /* ioDB.cpp */ = {isa = PBXFileReference; lastKnownFileType = sourcecode.cpp.cpp; path = ioDB.cpp; sourceTree = "<group>"; };
		3FDC2A552DB2153100396434 /* ioDB.hpp */ = {isa = PBXFileReference; lastKnownFileType = sourcecode.cpp.h; path = ioDB.hpp; sourceTree = "<group>"; };
/* End PBXFileReference section */

/* Begin PBXFrameworksBuildPhase section */
		3FDC2A302DB0C33D00396434 /* Frameworks */ = {
			isa = PBXFrameworksBuildPhase;
			buildActionMask = 2147483647;
			files = (
				3FDC2A412DB0C4BA00396434 /* libgurobi120.dylib in Frameworks */,
				3FDC2A3F2DB0C4B800396434 /* libgurobi_c++.a in Frameworks */,
			);
			runOnlyForDeploymentPostprocessing = 0;
		};
/* End PBXFrameworksBuildPhase section */

/* Begin PBXGroup section */
		3FDC2A2A2DB0C33D00396434 = {
			isa = PBXGroup;
			children = (
				3FDC2A352DB0C33D00396434 /* CompromiseDecision_v1.0 */,
				3FDC2A342DB0C33D00396434 /* Products */,
				3FDC2A3D2DB0C4B800396434 /* Frameworks */,
			);
			sourceTree = "<group>";
		};
		3FDC2A342DB0C33D00396434 /* Products */ = {
			isa = PBXGroup;
			children = (
				3FDC2A332DB0C33D00396434 /* CompromiseDecision_v1.0 */,
			);
			name = Products;
			sourceTree = "<group>";
		};
		3FDC2A352DB0C33D00396434 /* CompromiseDecision_v1.0 */ = {
			isa = PBXGroup;
			children = (
				3FDC2A362DB0C33D00396434 /* main.cpp */,
				3FDC2A422DB0C6CE00396434 /* SparseVector.cpp */,
				3FDC2A432DB0C6CE00396434 /* SparseVector.hpp */,
				3FDC2A452DB0C74E00396434 /* SparseMatrix.cpp */,
				3FDC2A462DB0C74E00396434 /* SparseMatrix.hpp */,
				3FDC2A482DB0C7F400396434 /* DataStructure.cpp */,
				3FDC2A492DB0C7F400396434 /* DataStructure.hpp */,
				3FDC2A4B2DB0CFC000396434 /* ioModel.cpp */,
				3FDC2A4C2DB0CFC000396434 /* ioModel.hpp */,
				3FDC2A542DB2153100396434 /* ioDB.cpp */,
				3FDC2A552DB2153100396434 /* ioDB.hpp */,
				3FDC2A4E2DB1F49D00396434 /* ioStochastic.cpp */,
				3FDC2A4F2DB1F49D00396434 /* ioStochastic.hpp */,
				3FDC2A512DB20C0600396434 /* SAA_solver.cpp */,
				3FDC2A522DB20C0600396434 /* SAA_solver.hpp */,
				3FC005342DB61ABF0027F8D5 /* BD_solver.cpp */,
				3FC005352DB61ABF0027F8D5 /* BD_solver.hpp */,
				3FC005372DB8AC440027F8D5 /* SD_solver.cpp */,
				3FC005382DB8AC440027F8D5 /* SD_solver.hpp */,
				3FC0053A2DBDEFB30027F8D5 /* CuttingPlane_solver.cpp */,
				3FC0053B2DBDEFB30027F8D5 /* CuttingPlane_solver.hpp */,
				3FC6FCE92DD1A14C00A6F3C9 /* utils.cpp */,
				3FC6FCEA2DD1A14C00A6F3C9 /* utils.hpp */,
			);
			path = CompromiseDecision_v1.0;
			sourceTree = "<group>";
		};
		3FDC2A3D2DB0C4B800396434 /* Frameworks */ = {
			isa = PBXGroup;
			children = (
				3FDC2A402DB0C4BA00396434 /* libgurobi120.dylib */,
				3FDC2A3E2DB0C4B800396434 /* libgurobi_c++.a */,
			);
			name = Frameworks;
			sourceTree = "<group>";
		};
/* End PBXGroup section */

/* Begin PBXNativeTarget section */
		3FDC2A322DB0C33D00396434 /* CompromiseDecision_v1.0 */ = {
			isa = PBXNativeTarget;
			buildConfigurationList = 3FDC2A3A2DB0C33D00396434 /* Build configuration list for PBXNativeTarget "CompromiseDecision_v1.0" */;
			buildPhases = (
				3FDC2A2F2DB0C33D00396434 /* Sources */,
				3FDC2A302DB0C33D00396434 /* Frameworks */,
				3FDC2A312DB0C33D00396434 /* CopyFiles */,
			);
			buildRules = (
			);
			dependencies = (
			);
			name = CompromiseDecision_v1.0;
			productName = CompromiseDecision_v1.0;
			productReference = 3FDC2A332DB0C33D00396434 /* CompromiseDecision_v1.0 */;
			productType = "com.apple.product-type.tool";
		};
/* End PBXNativeTarget section */

/* Begin PBXProject section */
		3FDC2A2B2DB0C33D00396434 /* Project object */ = {
			isa = PBXProject;
			attributes = {
				BuildIndependentTargetsInParallel = 1;
				LastUpgradeCheck = 1340;
				TargetAttributes = {
					3FDC2A322DB0C33D00396434 = {
						CreatedOnToolsVersion = 13.4.1;
					};
				};
			};
			buildConfigurationList = 3FDC2A2E2DB0C33D00396434 /* Build configuration list for PBXProject "CompromiseDecision_v1.0" */;
			compatibilityVersion = "Xcode 13.0";
			developmentRegion = en;
			hasScannedForEncodings = 0;
			knownRegions = (
				en,
				Base,
			);
			mainGroup = 3FDC2A2A2DB0C33D00396434;
			productRefGroup = 3FDC2A342DB0C33D00396434 /* Products */;
			projectDirPath = "";
			projectRoot = "";
			targets = (
				3FDC2A322DB0C33D00396434 /* CompromiseDecision_v1.0 */,
			);
		};
/* End PBXProject section */

/* Begin PBXSourcesBuildPhase section */
		3FDC2A2F2DB0C33D00396434 /* Sources */ = {
			isa = PBXSourcesBuildPhase;
			buildActionMask = 2147483647;
			files = (
				3FDC2A532DB20C0600396434 /* SAA_solver.cpp in Sources */,
				3FDC2A442DB0C6CF00396434 /* SparseVector.cpp in Sources */,
				3FC0053C2DBDEFB30027F8D5 /* CuttingPlane_solver.cpp in Sources */,
				3FC6FCEB2DD1A14C00A6F3C9 /* utils.cpp in Sources */,
				3FDC2A4A2DB0C7F400396434 /* DataStructure.cpp in Sources */,
				3FC005392DB8AC440027F8D5 /* SD_solver.cpp in Sources */,
				3FDC2A502DB1F49D00396434 /* ioStochastic.cpp in Sources */,
				3FC005362DB61ABF0027F8D5 /* BD_solver.cpp in Sources */,
				3FDC2A4D2DB0CFC000396434 /* ioModel.cpp in Sources */,
				3FDC2A472DB0C74E00396434 /* SparseMatrix.cpp in Sources */,
				3FDC2A372DB0C33D00396434 /* main.cpp in Sources */,
				3FDC2A562DB2153100396434 /* ioDB.cpp in Sources */,
			);
			runOnlyForDeploymentPostprocessing = 0;
		};
/* End PBXSourcesBuildPhase section */

/* Begin XCBuildConfiguration section */
		3FDC2A382DB0C33D00396434 /* Debug */ = {
			isa = XCBuildConfiguration;
			buildSettings = {
				ALWAYS_SEARCH_USER_PATHS = NO;
				CLANG_ANALYZER_NONNULL = YES;
				CLANG_ANALYZER_NUMBER_OBJECT_CONVERSION = YES_AGGRESSIVE;
				CLANG_CXX_LANGUAGE_STANDARD = "gnu++17";
				CLANG_ENABLE_MODULES = YES;
				CLANG_ENABLE_OBJC_ARC = YES;
				CLANG_ENABLE_OBJC_WEAK = YES;
				CLANG_WARN_BLOCK_CAPTURE_AUTORELEASING = YES;
				CLANG_WARN_BOOL_CONVERSION = YES;
				CLANG_WARN_COMMA = YES;
				CLANG_WARN_CONSTANT_CONVERSION = YES;
				CLANG_WARN_DEPRECATED_OBJC_IMPLEMENTATIONS = YES;
				CLANG_WARN_DIRECT_OBJC_ISA_USAGE = YES_ERROR;
				CLANG_WARN_DOCUMENTATION_COMMENTS = YES;
				CLANG_WARN_EMPTY_BODY = YES;
				CLANG_WARN_ENUM_CONVERSION = YES;
				CLANG_WARN_INFINITE_RECURSION = YES;
				CLANG_WARN_INT_CONVERSION = YES;
				CLANG_WARN_NON_LITERAL_NULL_CONVERSION = YES;
				CLANG_WARN_OBJC_IMPLICIT_RETAIN_SELF = YES;
				CLANG_WARN_OBJC_LITERAL_CONVERSION = YES;
				CLANG_WARN_OBJC_ROOT_CLASS = YES_ERROR;
				CLANG_WARN_QUOTED_INCLUDE_IN_FRAMEWORK_HEADER = YES;
				CLANG_WARN_RANGE_LOOP_ANALYSIS = YES;
				CLANG_WARN_STRICT_PROTOTYPES = YES;
				CLANG_WARN_SUSPICIOUS_MOVE = YES;
				CLANG_WARN_UNGUARDED_AVAILABILITY = YES_AGGRESSIVE;
				CLANG_WARN_UNREACHABLE_CODE = YES;
				CLANG_WARN__DUPLICATE_METHOD_MATCH = YES;
				COPY_PHASE_STRIP = NO;
				DEBUG_INFORMATION_FORMAT = dwarf;
				ENABLE_STRICT_OBJC_MSGSEND = YES;
				ENABLE_TESTABILITY = YES;
				GCC_C_LANGUAGE_STANDARD = gnu11;
				GCC_DYNAMIC_NO_PIC = NO;
				GCC_NO_COMMON_BLOCKS = YES;
				GCC_OPTIMIZATION_LEVEL = 0;
				GCC_PREPROCESSOR_DEFINITIONS = (
					"DEBUG=1",
					"$(inherited)",
				);
				GCC_WARN_64_TO_32_BIT_CONVERSION = YES;
				GCC_WARN_ABOUT_RETURN_TYPE = YES_ERROR;
				GCC_WARN_UNDECLARED_SELECTOR = YES;
				GCC_WARN_UNINITIALIZED_AUTOS = YES_AGGRESSIVE;
				GCC_WARN_UNUSED_FUNCTION = YES;
				GCC_WARN_UNUSED_VARIABLE = YES;
				MACOSX_DEPLOYMENT_TARGET = 12.3;
				MTL_ENABLE_DEBUG_INFO = INCLUDE_SOURCE;
				MTL_FAST_MATH = YES;
				ONLY_ACTIVE_ARCH = YES;
				SDKROOT = macosx;
			};
			name = Debug;
		};
		3FDC2A392DB0C33D00396434 /* Release */ = {
			isa = XCBuildConfiguration;
			buildSettings = {
				ALWAYS_SEARCH_USER_PATHS = NO;
				CLANG_ANALYZER_NONNULL = YES;
				CLANG_ANALYZER_NUMBER_OBJECT_CONVERSION = YES_AGGRESSIVE;
				CLANG_CXX_LANGUAGE_STANDARD = "gnu++17";
				CLANG_ENABLE_MODULES = YES;
				CLANG_ENABLE_OBJC_ARC = YES;
				CLANG_ENABLE_OBJC_WEAK = YES;
				CLANG_WARN_BLOCK_CAPTURE_AUTORELEASING = YES;
				CLANG_WARN_BOOL_CONVERSION = YES;
				CLANG_WARN_COMMA = YES;
				CLANG_WARN_CONSTANT_CONVERSION = YES;
				CLANG_WARN_DEPRECATED_OBJC_IMPLEMENTATIONS = YES;
				CLANG_WARN_DIRECT_OBJC_ISA_USAGE = YES_ERROR;
				CLANG_WARN_DOCUMENTATION_COMMENTS = YES;
				CLANG_WARN_EMPTY_BODY = YES;
				CLANG_WARN_ENUM_CONVERSION = YES;
				CLANG_WARN_INFINITE_RECURSION = YES;
				CLANG_WARN_INT_CONVERSION = YES;
				CLANG_WARN_NON_LITERAL_NULL_CONVERSION = YES;
				CLANG_WARN_OBJC_IMPLICIT_RETAIN_SELF = YES;
				CLANG_WARN_OBJC_LITERAL_CONVERSION = YES;
				CLANG_WARN_OBJC_ROOT_CLASS = YES_ERROR;
				CLANG_WARN_QUOTED_INCLUDE_IN_FRAMEWORK_HEADER = YES;
				CLANG_WARN_RANGE_LOOP_ANALYSIS = YES;
				CLANG_WARN_STRICT_PROTOTYPES = YES;
				CLANG_WARN_SUSPICIOUS_MOVE = YES;
				CLANG_WARN_UNGUARDED_AVAILABILITY = YES_AGGRESSIVE;
				CLANG_WARN_UNREACHABLE_CODE = YES;
				CLANG_WARN__DUPLICATE_METHOD_MATCH = YES;
				COPY_PHASE_STRIP = NO;
				DEBUG_INFORMATION_FORMAT = "dwarf-with-dsym";
				ENABLE_NS_ASSERTIONS = NO;
				ENABLE_STRICT_OBJC_MSGSEND = YES;
				GCC_C_LANGUAGE_STANDARD = gnu11;
				GCC_NO_COMMON_BLOCKS = YES;
				GCC_WARN_64_TO_32_BIT_CONVERSION = YES;
				GCC_WARN_ABOUT_RETURN_TYPE = YES_ERROR;
				GCC_WARN_UNDECLARED_SELECTOR = YES;
				GCC_WARN_UNINITIALIZED_AUTOS = YES_AGGRESSIVE;
				GCC_WARN_UNUSED_FUNCTION = YES;
				GCC_WARN_UNUSED_VARIABLE = YES;
				MACOSX_DEPLOYMENT_TARGET = 12.3;
				MTL_ENABLE_DEBUG_INFO = NO;
				MTL_FAST_MATH = YES;
				SDKROOT = macosx;
			};
			name = Release;
		};
		3FDC2A3B2DB0C33D00396434 /* Debug */ = {
			isa = XCBuildConfiguration;
			buildSettings = {
				CODE_SIGN_STYLE = Automatic;
				HEADER_SEARCH_PATHS = /Library/gurobi1201/macos_universal2/include;
				LIBRARY_SEARCH_PATHS = (
					"$(inherited)",
					"$(LOCAL_LIBRARY_DIR)/gurobi1201/macos_universal2/lib",
				);
				PRODUCT_NAME = "$(TARGET_NAME)";
			};
			name = Debug;
		};
		3FDC2A3C2DB0C33D00396434 /* Release */ = {
			isa = XCBuildConfiguration;
			buildSettings = {
				CODE_SIGN_STYLE = Automatic;
				HEADER_SEARCH_PATHS = /Library/gurobi1201/macos_universal2/include;
				LIBRARY_SEARCH_PATHS = (
					"$(inherited)",
					"$(LOCAL_LIBRARY_DIR)/gurobi1201/macos_universal2/lib",
				);
				PRODUCT_NAME = "$(TARGET_NAME)";
			};
			name = Release;
		};
/* End XCBuildConfiguration section */

/* Begin XCConfigurationList section */
		3FDC2A2E2DB0C33D00396434 /* Build configuration list for PBXProject "CompromiseDecision_v1.0" */ = {
			isa = XCConfigurationList;
			buildConfigurations = (
				3FDC2A382DB0C33D00396434 /* Debug */,
				3FDC2A392DB0C33D00396434 /* Release */,
			);
			defaultConfigurationIsVisible = 0;
			defaultConfigurationName = Release;
		};
		3FDC2A3A2DB0C33D00396434 /* Build configuration list for PBXNativeTarget "CompromiseDecision_v1.0" */ = {
			isa = XCConfigurationList;
			buildConfigurations = (
				3FDC2A3B2DB0C33D00396434 /* Debug */,
				3FDC2A3C2DB0C33D00396434 /* Release */,
			);
			defaultConfigurationIsVisible = 0;
			defaultConfigurationName = Release;
		};
/* End XCConfigurationList section */
	};
	rootObject = 3FDC2A2B2DB0C33D00396434 /* Project object */;
}
